name: Refresh lockfile

on:
  push:
    branches:
      - agent/add-ci-quality-gates

permissions:
  contents: write

jobs:
  refresh-lock:
    runs-on: ubuntu-latest
    timeout-minutes: 10
    steps:
      - name: Checkout branch
        uses: actions/checkout@v6
        with:
          ref: ${{ github.ref }}

      - name: Set up Node.js
        uses: actions/setup-node@v6
        with:
          node-version: 24
          package-manager-cache: false

      - name: Rebuild package lock
        run: |
          rm package-lock.json
          npm install --package-lock-only --ignore-scripts --no-audit --no-fund

      - name: Commit rebuilt lockfile
        run: |
          git config user.name "github-actions[bot]"
          git config user.email "41898282+github-actions[bot]@users.noreply.github.com"
          git add package-lock.json
          git commit -m "Rebuild package lock"
          git push
